
Microsoft Visual Studio Solution File, Format Version 12.00
# Visual Studio Version 16
VisualStudioVersion = 16.0.31410.357
MinimumVisualStudioVersion = 10.0.40219.1
Project("{FAE04EC0-301F-11D3-BF4B-00C04F79EFBC}") = "SimpleCalculator", "SimpleCalculator\SimpleCalculator.csproj", "{AB8D27F7-6C53-47E0-B67E-45CF94FBEABA}"
EndProject
Global
	GlobalSection(SolutionConfigurationPlatforms) = preSolution
		Debug|Any CPU = Debug|Any CPU
		Release|Any CPU = Release|Any CPU
	EndGlobalSection
	GlobalSection(ProjectConfigurationPlatforms) = postSolution
		{AB8D27F7-6C53-47E0-B67E-45CF94FBEABA}.Debug|Any CPU.ActiveCfg = Debug|Any CPU
		{AB8D27F7-6C53-47E0-B67E-45CF94FBEABA}.Debug|Any CPU.Build.0 = Debug|Any CPU
		{AB8D27F7-6C53-47E0-B67E-45CF94FBEABA}.Debug|Any CPU.Deploy.0 = Debug|Any CPU
		{AB8D27F7-6C53-47E0-B67E-45CF94FBEABA}.Release|Any CPU.ActiveCfg = Release|Any CPU
		{AB8D27F7-6C53-47E0-B67E-45CF94FBEABA}.Release|Any CPU.Build.0 = Release|Any CPU
		{AB8D27F7-6C53-47E0-B67E-45CF94FBEABA}.Release|Any CPU.Deploy.0 = Release|Any CPU
	EndGlobalSection
	GlobalSection(SolutionProperties) = preSolution
		HideSolutionNode = FALSE
	EndGlobalSection
	GlobalSection(ExtensibilityGlobals) = postSolution
		SolutionGuid = {753CE722-A3B4-4267-B06C-FBC964BEF896}
	EndGlobalSection
EndGlobal
